
Microsoft Visual Studio Solution File, Format Version 12.00
# Visual Studio Version 17
VisualStudioVersion = 17.0.31903.59
MinimumVisualStudioVersion = 10.0.40219.1
Project("{2150E333-8FDC-42A3-9474-1A3956D46DE8}") = "src", "src", "{5E04C11E-82AB-4C89-B087-E4B907650903}"
EndProject
Project("{FAE04EC0-301F-11D3-BF4B-00C04F79EFBC}") = "Music", "src\Music\Music.csproj", "{2010A708-9047-49B8-9787-B440BCC37992}"
EndProject
Project("{2150E333-8FDC-42A3-9474-1A3956D46DE8}") = "test", "test", "{0DE0E6CD-B8B3-4709-AA2E-2BACD6A5F276}"
EndProject
Project("{FAE04EC0-301F-11D3-BF4B-00C04F79EFBC}") = "Music.Tests", "test\Music.Tests\Music.Tests.csproj", "{330CE75D-5414-458C-8F85-3B318D757B75}"
EndProject
Project("{FAE04EC0-301F-11D3-BF4B-00C04F79EFBC}") = "FretWeb", "src\FretWeb\FretWeb.csproj", "{59521C76-F7CB-4DCC-8996-DA965008AE3E}"
EndProject
Project("{2150E333-8FDC-42A3-9474-1A3956D46DE8}") = "github", "github", "{5C17E4E6-4A37-442A-B418-D57C869DABC5}"
EndProject
Project("{2150E333-8FDC-42A3-9474-1A3956D46DE8}") = "workflows", "workflows", "{12519DDE-3958-4E84-B5E4-E9E6ACCA3324}"
	ProjectSection(SolutionItems) = preProject
		.github\workflows\main_frets.yml = .github\workflows\main_frets.yml
	EndProjectSection
EndProject
Project("{FAE04EC0-301F-11D3-BF4B-00C04F79EFBC}") = "Fretboards", "src\Fretboards\Fretboards.csproj", "{A27ADA00-E21B-495C-9325-4EA9F39D1C40}"
EndProject
Project("{FAE04EC0-301F-11D3-BF4B-00C04F79EFBC}") = "Fretboards.Tests", "test\Fretboards.Tests\Fretboards.Tests.csproj", "{895E296C-76BF-4B87-952E-48FC89A65819}"
EndProject
Global
	GlobalSection(SolutionConfigurationPlatforms) = preSolution
		Debug|Any CPU = Debug|Any CPU
		Release|Any CPU = Release|Any CPU
	EndGlobalSection
	GlobalSection(SolutionProperties) = preSolution
		HideSolutionNode = FALSE
	EndGlobalSection
	GlobalSection(ProjectConfigurationPlatforms) = postSolution
		{2010A708-9047-49B8-9787-B440BCC37992}.Debug|Any CPU.ActiveCfg = Debug|Any CPU
		{2010A708-9047-49B8-9787-B440BCC37992}.Debug|Any CPU.Build.0 = Debug|Any CPU
		{2010A708-9047-49B8-9787-B440BCC37992}.Release|Any CPU.ActiveCfg = Release|Any CPU
		{2010A708-9047-49B8-9787-B440BCC37992}.Release|Any CPU.Build.0 = Release|Any CPU
		{330CE75D-5414-458C-8F85-3B318D757B75}.Debug|Any CPU.ActiveCfg = Debug|Any CPU
		{330CE75D-5414-458C-8F85-3B318D757B75}.Debug|Any CPU.Build.0 = Debug|Any CPU
		{330CE75D-5414-458C-8F85-3B318D757B75}.Release|Any CPU.ActiveCfg = Release|Any CPU
		{330CE75D-5414-458C-8F85-3B318D757B75}.Release|Any CPU.Build.0 = Release|Any CPU
		{59521C76-F7CB-4DCC-8996-DA965008AE3E}.Debug|Any CPU.ActiveCfg = Debug|Any CPU
		{59521C76-F7CB-4DCC-8996-DA965008AE3E}.Debug|Any CPU.Build.0 = Debug|Any CPU
		{59521C76-F7CB-4DCC-8996-DA965008AE3E}.Release|Any CPU.ActiveCfg = Release|Any CPU
		{59521C76-F7CB-4DCC-8996-DA965008AE3E}.Release|Any CPU.Build.0 = Release|Any CPU
		{A27ADA00-E21B-495C-9325-4EA9F39D1C40}.Debug|Any CPU.ActiveCfg = Debug|Any CPU
		{A27ADA00-E21B-495C-9325-4EA9F39D1C40}.Debug|Any CPU.Build.0 = Debug|Any CPU
		{A27ADA00-E21B-495C-9325-4EA9F39D1C40}.Release|Any CPU.ActiveCfg = Release|Any CPU
		{A27ADA00-E21B-495C-9325-4EA9F39D1C40}.Release|Any CPU.Build.0 = Release|Any CPU
		{895E296C-76BF-4B87-952E-48FC89A65819}.Debug|Any CPU.ActiveCfg = Debug|Any CPU
		{895E296C-76BF-4B87-952E-48FC89A65819}.Debug|Any CPU.Build.0 = Debug|Any CPU
		{895E296C-76BF-4B87-952E-48FC89A65819}.Release|Any CPU.ActiveCfg = Release|Any CPU
		{895E296C-76BF-4B87-952E-48FC89A65819}.Release|Any CPU.Build.0 = Release|Any CPU
	EndGlobalSection
	GlobalSection(NestedProjects) = preSolution
		{2010A708-9047-49B8-9787-B440BCC37992} = {5E04C11E-82AB-4C89-B087-E4B907650903}
		{330CE75D-5414-458C-8F85-3B318D757B75} = {0DE0E6CD-B8B3-4709-AA2E-2BACD6A5F276}
		{59521C76-F7CB-4DCC-8996-DA965008AE3E} = {5E04C11E-82AB-4C89-B087-E4B907650903}
		{12519DDE-3958-4E84-B5E4-E9E6ACCA3324} = {5C17E4E6-4A37-442A-B418-D57C869DABC5}
		{A27ADA00-E21B-495C-9325-4EA9F39D1C40} = {5E04C11E-82AB-4C89-B087-E4B907650903}
		{895E296C-76BF-4B87-952E-48FC89A65819} = {0DE0E6CD-B8B3-4709-AA2E-2BACD6A5F276}
	EndGlobalSection
EndGlobal
